<?xml version="1.0" encoding="utf-8"?>
<Project ToolsVersion="4.0" xmlns="http://schemas.microsoft.com/developer/msbuild/2003">
  <ItemGroup>
    <Filter Include="Mapping">
      <UniqueIdentifier>{475bde6a-fad8-46a9-afc1-4f12c917a87d}</UniqueIdentifier>
    </Filter>
    <Filter Include="Mapping\ColumnMappers">
      <UniqueIdentifier>{2471aab4-78ae-4e70-9f1c-ab23d462d78f}</UniqueIdentifier>
    </Filter>
    <Filter Include="Mapping\ColumnMappers\Impl">
      <UniqueIdentifier>{f6b3550c-6e74-4b35-a48b-5f6aa5e30726}</UniqueIdentifier>
    </Filter>
    <Filter Include="Expressions">
      <UniqueIdentifier>{c0864d1a-49c5-41b2-b9dc-5df3ccae7d1e}</UniqueIdentifier>
    </Filter>
    <Filter Include="Expressions\SqlPredicateBuilders">
      <UniqueIdentifier>{b6842c9b-2b05-48aa-b38a-f4536879d7fd}</UniqueIdentifier>
    </Filter>
    <Filter Include="Expressions\SqlPredicateBuilders\Impl">
      <UniqueIdentifier>{a4db0a00-07d7-4eeb-923f-f5bdceb617de}</UniqueIdentifier>
    </Filter>
    <Filter Include="Database">
      <UniqueIdentifier>{0ed43161-0fec-46e4-842c-7b3d9b203a89}</UniqueIdentifier>
    </Filter>
    <Filter Include="Database\Sql">
      <UniqueIdentifier>{d06d0222-5223-4384-9696-9ee6b11037b8}</UniqueIdentifier>
    </Filter>
    <Filter Include="Database\Sql\Impl">
      <UniqueIdentifier>{c9d12ffc-6c6a-44be-bee7-9fef2c3e1cb3}</UniqueIdentifier>
    </Filter>
    <Filter Include="Database\Impl">
      <UniqueIdentifier>{5a39b0ce-9e91-4dfa-8da6-1bb5499c7406}</UniqueIdentifier>
    </Filter>
    <Filter Include="member_types">
      <UniqueIdentifier>{1ee33bb3-19ad-4b3d-af8e-00b5ad0d0934}</UniqueIdentifier>
    </Filter>
  </ItemGroup>
  <ItemGroup>
    <ClInclude Include="targetver.h" />
    <ClInclude Include="stdafx.h" />
    <ClInclude Include="ClassMap.h">
      <Filter>Mapping</Filter>
    </ClInclude>
    <ClInclude Include="IMappingProvider.h">
      <Filter>Mapping</Filter>
    </ClInclude>
    <ClInclude Include="IdColumnBuilder.h">
      <Filter>Mapping</Filter>
    </ClInclude>
    <ClInclude Include="GenerationStrategy.h">
      <Filter>Mapping</Filter>
    </ClInclude>
    <ClInclude Include="IdColumnSpecification.h">
      <Filter>Mapping</Filter>
    </ClInclude>
    <ClInclude Include="IColumnMapper.h">
      <Filter>Mapping\ColumnMappers</Filter>
    </ClInclude>
    <ClInclude Include="Expression.h">
      <Filter>Expressions</Filter>
    </ClInclude>
    <ClInclude Include="MakeExpression.h">
      <Filter>Expressions</Filter>
    </ClInclude>
    <ClInclude Include="BinaryOperators.h">
      <Filter>Expressions</Filter>
    </ClInclude>
    <ClInclude Include="ExpressionOperators.h">
      <Filter>Expressions</Filter>
    </ClInclude>
    <ClInclude Include="BinaryExpressionSqlPredicateBuilder.h">
      <Filter>Expressions\SqlPredicateBuilders\Impl</Filter>
    </ClInclude>
    <ClInclude Include="ConstantExpressionSqlPredicateBuilder.h">
      <Filter>Expressions\SqlPredicateBuilders\Impl</Filter>
    </ClInclude>
    <ClInclude Include="GetterMemberExpressionSqlPredicateBuilder.h">
      <Filter>Expressions\SqlPredicateBuilders\Impl</Filter>
    </ClInclude>
    <ClInclude Include="IsNullExpressionSqlPredicateBuilder.h">
      <Filter>Expressions\SqlPredicateBuilders\Impl</Filter>
    </ClInclude>
    <ClInclude Include="ISqlPredicateBuilder.h">
      <Filter>Expressions\SqlPredicateBuilders</Filter>
    </ClInclude>
    <ClInclude Include="SqlPredicate.h">
      <Filter>Expressions\SqlPredicateBuilders</Filter>
    </ClInclude>
    <ClInclude Include="Guid.h" />
    <ClInclude Include="FieldColumnMapper.h">
      <Filter>Mapping\ColumnMappers\Impl</Filter>
    </ClInclude>
    <ClInclude Include="BaseExpression.h">
      <Filter>Expressions</Filter>
    </ClInclude>
    <ClInclude Include="SessionFactory.h">
      <Filter>Database</Filter>
    </ClInclude>
    <ClInclude Include="SessionFactoryConfiguration.h">
      <Filter>Database</Filter>
    </ClInclude>
    <ClInclude Include="SessionFactoryBuilder.h">
      <Filter>Database</Filter>
    </ClInclude>
    <ClInclude Include="MappingRegistrar.h">
      <Filter>Mapping</Filter>
    </ClInclude>
    <ClInclude Include="MappingRegistry.h">
      <Filter>Mapping</Filter>
    </ClInclude>
    <ClInclude Include="IDataReader.h">
      <Filter>Database</Filter>
    </ClInclude>
    <ClInclude Include="Query.h">
      <Filter>Database</Filter>
    </ClInclude>
    <ClInclude Include="ISqlDialect.h">
      <Filter>Database\Sql</Filter>
    </ClInclude>
    <ClInclude Include="SqlServerDialect.h">
      <Filter>Database\Sql\Impl</Filter>
    </ClInclude>
    <ClInclude Include="DataReader.h">
      <Filter>Database\Impl</Filter>
    </ClInclude>
    <ClInclude Include="IRecord.h">
      <Filter>Database</Filter>
    </ClInclude>
    <ClInclude Include="SqlExecutor.h">
      <Filter>Database\Sql\Impl</Filter>
    </ClInclude>
    <ClInclude Include="ISqlExecutor.h">
      <Filter>Database\Sql</Filter>
    </ClInclude>
    <ClInclude Include="SqlParameter.h">
      <Filter>Database\Sql</Filter>
    </ClInclude>
    <ClInclude Include="Predicate.h">
      <Filter>Expressions</Filter>
    </ClInclude>
    <ClInclude Include="FieldMemberExpressionSqlPredicateBuilder.h">
      <Filter>Expressions\SqlPredicateBuilders\Impl</Filter>
    </ClInclude>
    <ClInclude Include="Record.h">
      <Filter>Database\Impl</Filter>
    </ClInclude>
    <ClInclude Include="Session.h">
      <Filter>Database</Filter>
    </ClInclude>
    <ClInclude Include="sql_table.h">
      <Filter>Database\Sql</Filter>
    </ClInclude>
    <ClInclude Include="join_clause.h">
      <Filter>Database\Sql</Filter>
    </ClInclude>
    <ClInclude Include="sql_column.h">
      <Filter>Database\Sql</Filter>
    </ClInclude>
    <ClInclude Include="from_clause.h">
      <Filter>Database\Sql</Filter>
    </ClInclude>
    <ClInclude Include="projection.h">
      <Filter>Database\Sql</Filter>
    </ClInclude>
    <ClInclude Include="statement.h">
      <Filter>Database\Sql</Filter>
    </ClInclude>
    <ClInclude Include="where_clause.h">
      <Filter>Database\Sql</Filter>
    </ClInclude>
    <ClInclude Include="decomposition.h">
      <Filter>member_types</Filter>
    </ClInclude>
    <ClInclude Include="decompose.h">
      <Filter>member_types</Filter>
    </ClInclude>
    <ClInclude Include="decomposer.h">
      <Filter>member_types</Filter>
    </ClInclude>
    <ClInclude Include="memberizer.h">
      <Filter>member_types</Filter>
    </ClInclude>
    <ClInclude Include="GetterSetterColumnMapper.h">
      <Filter>Mapping\ColumnMappers\Impl</Filter>
    </ClInclude>
    <ClInclude Include="to_string.h">
      <Filter>member_types</Filter>
    </ClInclude>
  </ItemGroup>
  <ItemGroup>
    <ClCompile Include="stdafx.cpp" />
    <ClCompile Include="BinaryOperators.cpp">
      <Filter>Expressions</Filter>
    </ClCompile>
    <ClCompile Include="BinaryExpressionSqlPredicateBuilder.cpp">
      <Filter>Expressions\SqlPredicateBuilders\Impl</Filter>
    </ClCompile>
    <ClCompile Include="ConstantExpressionSqlPredicateBuilder.cpp">
      <Filter>Expressions\SqlPredicateBuilders\Impl</Filter>
    </ClCompile>
    <ClCompile Include="IsNullExpressionSqlPredicateBuilder.cpp">
      <Filter>Expressions\SqlPredicateBuilders\Impl</Filter>
    </ClCompile>
    <ClCompile Include="SqlPredicate.cpp">
      <Filter>Expressions\SqlPredicateBuilders</Filter>
    </ClCompile>
    <ClCompile Include="Guid.cpp" />
    <ClCompile Include="IMappingProvider.cpp">
      <Filter>Mapping</Filter>
    </ClCompile>
    <ClCompile Include="BaseExpression.cpp">
      <Filter>Expressions</Filter>
    </ClCompile>
    <ClCompile Include="Session.cpp">
      <Filter>Database</Filter>
    </ClCompile>
    <ClCompile Include="SessionFactory.cpp">
      <Filter>Database</Filter>
    </ClCompile>
    <ClCompile Include="SessionFactoryConfiguration.cpp">
      <Filter>Database</Filter>
    </ClCompile>
    <ClCompile Include="SessionFactoryBuilder.cpp">
      <Filter>Database</Filter>
    </ClCompile>
    <ClCompile Include="MappingRegistrar.cpp">
      <Filter>Mapping</Filter>
    </ClCompile>
    <ClCompile Include="MappingRegistry.cpp">
      <Filter>Mapping</Filter>
    </ClCompile>
    <ClCompile Include="IDataReader.cpp">
      <Filter>Database</Filter>
    </ClCompile>
    <ClCompile Include="SqlServerDialect.cpp">
      <Filter>Database\Sql\Impl</Filter>
    </ClCompile>
    <ClCompile Include="ISqlDialect.cpp">
      <Filter>Database\Sql</Filter>
    </ClCompile>
    <ClCompile Include="DataReader.cpp">
      <Filter>Database\Impl</Filter>
    </ClCompile>
    <ClCompile Include="IRecord.cpp">
      <Filter>Database</Filter>
    </ClCompile>
    <ClCompile Include="ISqlExecutor.cpp">
      <Filter>Database\Sql</Filter>
    </ClCompile>
    <ClCompile Include="SqlExecutor.cpp">
      <Filter>Database\Sql\Impl</Filter>
    </ClCompile>
    <ClCompile Include="SqlParameter.cpp">
      <Filter>Database\Sql</Filter>
    </ClCompile>
    <ClCompile Include="Record.cpp">
      <Filter>Database\Impl</Filter>
    </ClCompile>
    <ClCompile Include="sql_table.cpp">
      <Filter>Database\Sql</Filter>
    </ClCompile>
    <ClCompile Include="join_clause.cpp">
      <Filter>Database\Sql</Filter>
    </ClCompile>
    <ClCompile Include="sql_column.cpp">
      <Filter>Database\Sql</Filter>
    </ClCompile>
    <ClCompile Include="from_clause.cpp">
      <Filter>Database\Sql</Filter>
    </ClCompile>
    <ClCompile Include="projection.cpp">
      <Filter>Database\Sql</Filter>
    </ClCompile>
    <ClCompile Include="statement.cpp">
      <Filter>Database\Sql</Filter>
    </ClCompile>
  </ItemGroup>
</Project>