<?xml version="1.0" encoding="utf-8"?>
<Project ToolsVersion="4.0" xmlns="http://schemas.microsoft.com/developer/msbuild/2003">
  <ItemGroup>
    <ClInclude Include="stdafx.h" />
    <ClInclude Include="targetver.h" />
    <ClInclude Include="environment.h" />
    <ClInclude Include="connection.h" />
    <ClInclude Include="statement.h" />
    <ClInclude Include="parameter.h" />
    <ClInclude Include="binary_data.h" />
    <ClInclude Include="__LOC__.h" />
    <ClInclude Include="odbc_base.h" />
    <ClInclude Include="column.h" />
    <ClInclude Include="case_insensitive.h" />
    <ClInclude Include="sql_type.h" />
    <ClInclude Include="sql_c_type.h" />
    <ClInclude Include="sql_indicator.h" />
  </ItemGroup>
  <ItemGroup>
    <ClCompile Include="stdafx.cpp" />
    <ClCompile Include="environment.cpp" />
    <ClCompile Include="connection.cpp" />
    <ClCompile Include="statement.cpp" />
    <ClCompile Include="parameter.cpp" />
    <ClCompile Include="binary_data.cpp" />
    <ClCompile Include="odbc_base.cpp" />
    <ClCompile Include="column.cpp" />
    <ClCompile Include="case_insensitive.cpp" />
    <ClCompile Include="sql_type.cpp" />
    <ClCompile Include="sql_c_type.cpp" />
    <ClCompile Include="sql_indicator.cpp" />
  </ItemGroup>
</Project>