<?xml version="1.0" encoding="utf-8"?>
<Project ToolsVersion="4.0" xmlns="http://schemas.microsoft.com/developer/msbuild/2003">
  <ItemGroup>
    <Filter Include="member_types">
      <UniqueIdentifier>{0063a4c0-30dc-439f-b4d2-cb18043b10c5}</UniqueIdentifier>
    </Filter>
    <Filter Include="Mapping">
      <UniqueIdentifier>{165b83d5-4694-4348-854d-779b66fe22ef}</UniqueIdentifier>
    </Filter>
    <Filter Include="Expressions">
      <UniqueIdentifier>{dd55d5f4-529b-45f1-9b63-0fce683236a8}</UniqueIdentifier>
    </Filter>
    <Filter Include="Sessions">
      <UniqueIdentifier>{7e9a448e-4d8f-47dd-b304-1810444dc62d}</UniqueIdentifier>
    </Filter>
  </ItemGroup>
  <ItemGroup>
    <ClInclude Include="stdafx.h" />
    <ClInclude Include="targetver.h" />
    <ClInclude Include="TestMemberTypesEntity.h">
      <Filter>member_types</Filter>
    </ClInclude>
    <ClInclude Include="MockDataReader.h" />
    <ClInclude Include="TestMappingEntity.h">
      <Filter>Mapping</Filter>
    </ClInclude>
    <ClInclude Include="TestMappingEntityMap.h">
      <Filter>Mapping</Filter>
    </ClInclude>
    <ClInclude Include="TestExpressionEntity.h">
      <Filter>Expressions</Filter>
    </ClInclude>
    <ClInclude Include="MockRecord.h" />
    <ClInclude Include="TestExpressionEntityMap.h">
      <Filter>Expressions</Filter>
    </ClInclude>
    <ClInclude Include="TestExpressionMappingRegistrar.h">
      <Filter>Expressions</Filter>
    </ClInclude>
    <ClInclude Include="TestSessionMappingRegistrar.h">
      <Filter>Sessions</Filter>
    </ClInclude>
    <ClInclude Include="TestSessionEntity.h">
      <Filter>Sessions</Filter>
    </ClInclude>
    <ClInclude Include="TestSessionEntityMap.h">
      <Filter>Sessions</Filter>
    </ClInclude>
    <ClInclude Include="TestDatabaseConfiguration.h" />
    <ClInclude Include="MockSqlExecutor.h">
      <Filter>Sessions</Filter>
    </ClInclude>
    <ClInclude Include="IdFieldTestMappingEntityMap.h">
      <Filter>Mapping</Filter>
    </ClInclude>
  </ItemGroup>
  <ItemGroup>
    <ClCompile Include="stdafx.cpp" />
    <ClCompile Include="orm.cpp.tests.cpp" />
    <ClCompile Include="TestMemberTypesEntity.cpp">
      <Filter>member_types</Filter>
    </ClCompile>
    <ClCompile Include="ClassMapTests.cpp">
      <Filter>Mapping</Filter>
    </ClCompile>
    <ClCompile Include="MockDataReader.cpp" />
    <ClCompile Include="MakeExpressionTests.cpp">
      <Filter>Expressions</Filter>
    </ClCompile>
    <ClCompile Include="TestMappingEntity.cpp">
      <Filter>Mapping</Filter>
    </ClCompile>
    <ClCompile Include="TestMappingEntityMap.cpp">
      <Filter>Mapping</Filter>
    </ClCompile>
    <ClCompile Include="TestExpressionEntity.cpp">
      <Filter>Expressions</Filter>
    </ClCompile>
    <ClCompile Include="TestExpressionEntityMap.cpp">
      <Filter>Expressions</Filter>
    </ClCompile>
    <ClCompile Include="ExpressionOperatorTests.cpp">
      <Filter>Expressions</Filter>
    </ClCompile>
    <ClCompile Include="TestExpressionMappingRegistrar.cpp">
      <Filter>Expressions</Filter>
    </ClCompile>
    <ClCompile Include="TestSessionMappingRegistrar.cpp">
      <Filter>Sessions</Filter>
    </ClCompile>
    <ClCompile Include="TestSessionEntity.cpp">
      <Filter>Sessions</Filter>
    </ClCompile>
    <ClCompile Include="TestSessionEntityMap.cpp">
      <Filter>Sessions</Filter>
    </ClCompile>
    <ClCompile Include="TestDatabaseConfiguration.cpp" />
    <ClCompile Include="SessionFactoryConfigurationTests.cpp" />
    <ClCompile Include="SessionTests.cpp">
      <Filter>Sessions</Filter>
    </ClCompile>
    <ClCompile Include="MockSqlExecutor.cpp">
      <Filter>Sessions</Filter>
    </ClCompile>
    <ClCompile Include="SqlColumnTests.cpp" />
    <ClCompile Include="SqlTableTests.cpp" />
    <ClCompile Include="JoinClauseTests.cpp" />
    <ClCompile Include="IdFieldTestMappingEntityMap.cpp">
      <Filter>Mapping</Filter>
    </ClCompile>
    <ClCompile Include="FieldColumnMapperTests.cpp">
      <Filter>Mapping</Filter>
    </ClCompile>
    <ClCompile Include="FromClauseTests.cpp" />
    <ClCompile Include="QueryTests.cpp">
      <Filter>Sessions</Filter>
    </ClCompile>
    <ClCompile Include="decompose_tests.cpp">
      <Filter>member_types</Filter>
    </ClCompile>
    <ClCompile Include="to_string_tests.cpp">
      <Filter>member_types</Filter>
    </ClCompile>
    <ClCompile Include="GetterSetterColumnMapperTests.cpp">
      <Filter>Mapping</Filter>
    </ClCompile>
  </ItemGroup>
</Project>